
Microsoft Visual Studio Solution File, Format Version 12.00
# Visual Studio Version 16
VisualStudioVersion = 16.0.31729.503
MinimumVisualStudioVersion = 10.0.40219.1
Project("{2150E333-8FDC-42A3-9474-1A3956D46DE8}") = "src", "src", "{3E0D0223-9CA2-43C0-A3C4-47378419DE51}"
EndProject
Project("{2150E333-8FDC-42A3-9474-1A3956D46DE8}") = "test", "test", "{D91DED88-70DA-4A59-85EB-723FB826F438}"
EndProject
Project("{2150E333-8FDC-42A3-9474-1A3956D46DE8}") = "API", "API", "{DA054B26-3444-4BBA-AAC9-D7013BEB3B2D}"
EndProject
Project("{2150E333-8FDC-42A3-9474-1A3956D46DE8}") = "Infrastructure", "Infrastructure", "{0B80735B-7B55-4F61-AE14-954C961ACDB1}"
EndProject
Project("{2150E333-8FDC-42A3-9474-1A3956D46DE8}") = "UI", "UI", "{D4AC84DB-A667-427C-8C00-8D2E00BF6E6F}"
EndProject
Project("{2150E333-8FDC-42A3-9474-1A3956D46DE8}") = "Core", "Core", "{24FD952C-A1F1-4FA3-975B-3B3C1E6C1BF3}"
EndProject
Project("{FAE04EC0-301F-11D3-BF4B-00C04F79EFBC}") = "TicketManagement.Domain", "TicketManagement.Domain\TicketManagement.Domain.csproj", "{BAA01AAD-4763-4831-9133-094CBFADF737}"
EndProject
Project("{FAE04EC0-301F-11D3-BF4B-00C04F79EFBC}") = "TicketManagement.Application", "TicketManagement.Application\TicketManagement.Application.csproj", "{F006848D-3169-4435-83C9-1B18630DF9D5}"
EndProject
Project("{FAE04EC0-301F-11D3-BF4B-00C04F79EFBC}") = "TicketManagement.Persistence", "TicketManagement.Persistence\TicketManagement.Persistence.csproj", "{EA319D44-67A2-412C-997E-9C174342FEF7}"
EndProject
Project("{FAE04EC0-301F-11D3-BF4B-00C04F79EFBC}") = "TicketManagement.Infrastructure", "TicketManagement.Infrastructure\TicketManagement.Infrastructure.csproj", "{DD168E94-69B7-4565-9E02-84FF2E93A600}"
EndProject
Global
	GlobalSection(SolutionConfigurationPlatforms) = preSolution
		Debug|Any CPU = Debug|Any CPU
		Release|Any CPU = Release|Any CPU
	EndGlobalSection
	GlobalSection(ProjectConfigurationPlatforms) = postSolution
		{BAA01AAD-4763-4831-9133-094CBFADF737}.Debug|Any CPU.ActiveCfg = Debug|Any CPU
		{BAA01AAD-4763-4831-9133-094CBFADF737}.Debug|Any CPU.Build.0 = Debug|Any CPU
		{BAA01AAD-4763-4831-9133-094CBFADF737}.Release|Any CPU.ActiveCfg = Release|Any CPU
		{BAA01AAD-4763-4831-9133-094CBFADF737}.Release|Any CPU.Build.0 = Release|Any CPU
		{F006848D-3169-4435-83C9-1B18630DF9D5}.Debug|Any CPU.ActiveCfg = Debug|Any CPU
		{F006848D-3169-4435-83C9-1B18630DF9D5}.Debug|Any CPU.Build.0 = Debug|Any CPU
		{F006848D-3169-4435-83C9-1B18630DF9D5}.Release|Any CPU.ActiveCfg = Release|Any CPU
		{F006848D-3169-4435-83C9-1B18630DF9D5}.Release|Any CPU.Build.0 = Release|Any CPU
		{EA319D44-67A2-412C-997E-9C174342FEF7}.Debug|Any CPU.ActiveCfg = Debug|Any CPU
		{EA319D44-67A2-412C-997E-9C174342FEF7}.Debug|Any CPU.Build.0 = Debug|Any CPU
		{EA319D44-67A2-412C-997E-9C174342FEF7}.Release|Any CPU.ActiveCfg = Release|Any CPU
		{EA319D44-67A2-412C-997E-9C174342FEF7}.Release|Any CPU.Build.0 = Release|Any CPU
		{DD168E94-69B7-4565-9E02-84FF2E93A600}.Debug|Any CPU.ActiveCfg = Debug|Any CPU
		{DD168E94-69B7-4565-9E02-84FF2E93A600}.Debug|Any CPU.Build.0 = Debug|Any CPU
		{DD168E94-69B7-4565-9E02-84FF2E93A600}.Release|Any CPU.ActiveCfg = Release|Any CPU
		{DD168E94-69B7-4565-9E02-84FF2E93A600}.Release|Any CPU.Build.0 = Release|Any CPU
	EndGlobalSection
	GlobalSection(SolutionProperties) = preSolution
		HideSolutionNode = FALSE
	EndGlobalSection
	GlobalSection(NestedProjects) = preSolution
		{DA054B26-3444-4BBA-AAC9-D7013BEB3B2D} = {3E0D0223-9CA2-43C0-A3C4-47378419DE51}
		{0B80735B-7B55-4F61-AE14-954C961ACDB1} = {3E0D0223-9CA2-43C0-A3C4-47378419DE51}
		{D4AC84DB-A667-427C-8C00-8D2E00BF6E6F} = {3E0D0223-9CA2-43C0-A3C4-47378419DE51}
		{24FD952C-A1F1-4FA3-975B-3B3C1E6C1BF3} = {3E0D0223-9CA2-43C0-A3C4-47378419DE51}
		{BAA01AAD-4763-4831-9133-094CBFADF737} = {24FD952C-A1F1-4FA3-975B-3B3C1E6C1BF3}
		{F006848D-3169-4435-83C9-1B18630DF9D5} = {24FD952C-A1F1-4FA3-975B-3B3C1E6C1BF3}
		{EA319D44-67A2-412C-997E-9C174342FEF7} = {0B80735B-7B55-4F61-AE14-954C961ACDB1}
		{DD168E94-69B7-4565-9E02-84FF2E93A600} = {0B80735B-7B55-4F61-AE14-954C961ACDB1}
	EndGlobalSection
	GlobalSection(ExtensibilityGlobals) = postSolution
		SolutionGuid = {1550B4D5-DC2C-4D38-9DD5-C5266304636E}
	EndGlobalSection
EndGlobal
